
Microsoft Visual Studio Solution File, Format Version 12.00
# Visual Studio Version 17
VisualStudioVersion = 17.7.34024.191
MinimumVisualStudioVersion = 10.0.40219.1
Project("{FAE04EC0-301F-11D3-BF4B-00C04F79EFBC}") = "TradeME", "TradeME.csproj", "{B349C74B-8C9F-4050-B151-7DD2BB2E5C62}"
EndProject
Global
	GlobalSection(SolutionConfigurationPlatforms) = preSolution
		Debug|Any CPU = Debug|Any CPU
		Release|Any CPU = Release|Any CPU
	EndGlobalSection
	GlobalSection(ProjectConfigurationPlatforms) = postSolution
		{B349C74B-8C9F-4050-B151-7DD2BB2E5C62}.Debug|Any CPU.ActiveCfg = Debug|Any CPU
		{B349C74B-8C9F-4050-B151-7DD2BB2E5C62}.Debug|Any CPU.Build.0 = Debug|Any CPU
		{B349C74B-8C9F-4050-B151-7DD2BB2E5C62}.Release|Any CPU.ActiveCfg = Release|Any CPU
		{B349C74B-8C9F-4050-B151-7DD2BB2E5C62}.Release|Any CPU.Build.0 = Release|Any CPU
	EndGlobalSection
	GlobalSection(SolutionProperties) = preSolution
		HideSolutionNode = FALSE
	EndGlobalSection
	GlobalSection(ExtensibilityGlobals) = postSolution
		SolutionGuid = {87B2A6E2-F8B8-4221-8DAE-A0F0EF77597D}
	EndGlobalSection
EndGlobal
